
Microsoft Visual Studio Solution File, Format Version 12.00
# Visual Studio Version 17
VisualStudioVersion = 17.4.33205.214
MinimumVisualStudioVersion = 10.0.40219.1
Project("{9A19103F-16F7-4668-BE54-9A1E7A4F7556}") = "Patient_Services", "Patient_Services\Patient_Services.csproj", "{C922C2F3-3F6B-48B2-9EE1-FA6234468511}"
EndProject
Project("{9A19103F-16F7-4668-BE54-9A1E7A4F7556}") = "Patient_Models", "Models\Patient_Models.csproj", "{F78A5BE7-4F84-4E20-A37B-C91D2160C735}"
EndProject
Project("{9A19103F-16F7-4668-BE54-9A1E7A4F7556}") = "Patient_Business_Logic", "Bussiness_Logic\Patient_Business_Logic.csproj", "{9865A5B4-ACEC-46EB-8871-31A26D2365A4}"
EndProject
Project("{9A19103F-16F7-4668-BE54-9A1E7A4F7556}") = "Patient_EF_Layer", "Patient_Info\Patient_EF_Layer.csproj", "{1F19AF8A-2817-45B3-89F9-F9B30ADF588B}"
EndProject
Global
	GlobalSection(SolutionConfigurationPlatforms) = preSolution
		Debug|Any CPU = Debug|Any CPU
		Release|Any CPU = Release|Any CPU
	EndGlobalSection
	GlobalSection(ProjectConfigurationPlatforms) = postSolution
		{C922C2F3-3F6B-48B2-9EE1-FA6234468511}.Debug|Any CPU.ActiveCfg = Debug|Any CPU
		{C922C2F3-3F6B-48B2-9EE1-FA6234468511}.Debug|Any CPU.Build.0 = Debug|Any CPU
		{C922C2F3-3F6B-48B2-9EE1-FA6234468511}.Release|Any CPU.ActiveCfg = Release|Any CPU
		{C922C2F3-3F6B-48B2-9EE1-FA6234468511}.Release|Any CPU.Build.0 = Release|Any CPU
		{F78A5BE7-4F84-4E20-A37B-C91D2160C735}.Debug|Any CPU.ActiveCfg = Debug|Any CPU
		{F78A5BE7-4F84-4E20-A37B-C91D2160C735}.Debug|Any CPU.Build.0 = Debug|Any CPU
		{F78A5BE7-4F84-4E20-A37B-C91D2160C735}.Release|Any CPU.ActiveCfg = Release|Any CPU
		{F78A5BE7-4F84-4E20-A37B-C91D2160C735}.Release|Any CPU.Build.0 = Release|Any CPU
		{9865A5B4-ACEC-46EB-8871-31A26D2365A4}.Debug|Any CPU.ActiveCfg = Debug|Any CPU
		{9865A5B4-ACEC-46EB-8871-31A26D2365A4}.Debug|Any CPU.Build.0 = Debug|Any CPU
		{9865A5B4-ACEC-46EB-8871-31A26D2365A4}.Release|Any CPU.ActiveCfg = Release|Any CPU
		{9865A5B4-ACEC-46EB-8871-31A26D2365A4}.Release|Any CPU.Build.0 = Release|Any CPU
		{1F19AF8A-2817-45B3-89F9-F9B30ADF588B}.Debug|Any CPU.ActiveCfg = Debug|Any CPU
		{1F19AF8A-2817-45B3-89F9-F9B30ADF588B}.Debug|Any CPU.Build.0 = Debug|Any CPU
		{1F19AF8A-2817-45B3-89F9-F9B30ADF588B}.Release|Any CPU.ActiveCfg = Release|Any CPU
		{1F19AF8A-2817-45B3-89F9-F9B30ADF588B}.Release|Any CPU.Build.0 = Release|Any CPU
	EndGlobalSection
	GlobalSection(SolutionProperties) = preSolution
		HideSolutionNode = FALSE
	EndGlobalSection
	GlobalSection(ExtensibilityGlobals) = postSolution
		SolutionGuid = {C46FB1BF-67F2-48AF-B335-244826F0D39C}
	EndGlobalSection
EndGlobal
