
Microsoft Visual Studio Solution File, Format Version 12.00
# Visual Studio Version 17
VisualStudioVersion = 17.4.33205.214
MinimumVisualStudioVersion = 10.0.40219.1
Project("{9A19103F-16F7-4668-BE54-9A1E7A4F7556}") = "FluentAPI", "FluentAPI\FluentAPI.csproj", "{C4BDB4A1-BB9D-418D-B295-2632180208F7}"
EndProject
Project("{FAE04EC0-301F-11D3-BF4B-00C04F79EFBC}") = "BussinessLogic", "BussinessLogic\BussinessLogic.csproj", "{57BB0095-5513-4F87-983D-B051234FBB52}"
EndProject
Project("{FAE04EC0-301F-11D3-BF4B-00C04F79EFBC}") = "PhysicianAvailabilityService", "PhysicianAvailabilityService\PhysicianAvailabilityService.csproj", "{BAFC8989-34F0-4CF4-8F3D-CC95B665EF6C}"
EndProject
Project("{FAE04EC0-301F-11D3-BF4B-00C04F79EFBC}") = "Models", "Models\Models.csproj", "{54A3B70F-F8A8-4841-BE4F-9ACA70BD2C70}"
EndProject
Project("{E53339B2-1760-4266-BCC7-CA923CBCF16C}") = "docker-compose", "docker-compose.dcproj", "{C397A9D2-3F46-405A-8D00-DFA0DFD20CF4}"
EndProject
Global
	GlobalSection(SolutionConfigurationPlatforms) = preSolution
		Debug|Any CPU = Debug|Any CPU
		Release|Any CPU = Release|Any CPU
	EndGlobalSection
	GlobalSection(ProjectConfigurationPlatforms) = postSolution
		{C4BDB4A1-BB9D-418D-B295-2632180208F7}.Debug|Any CPU.ActiveCfg = Debug|Any CPU
		{C4BDB4A1-BB9D-418D-B295-2632180208F7}.Debug|Any CPU.Build.0 = Debug|Any CPU
		{C4BDB4A1-BB9D-418D-B295-2632180208F7}.Release|Any CPU.ActiveCfg = Release|Any CPU
		{C4BDB4A1-BB9D-418D-B295-2632180208F7}.Release|Any CPU.Build.0 = Release|Any CPU
		{57BB0095-5513-4F87-983D-B051234FBB52}.Debug|Any CPU.ActiveCfg = Debug|Any CPU
		{57BB0095-5513-4F87-983D-B051234FBB52}.Debug|Any CPU.Build.0 = Debug|Any CPU
		{57BB0095-5513-4F87-983D-B051234FBB52}.Release|Any CPU.ActiveCfg = Release|Any CPU
		{57BB0095-5513-4F87-983D-B051234FBB52}.Release|Any CPU.Build.0 = Release|Any CPU
		{BAFC8989-34F0-4CF4-8F3D-CC95B665EF6C}.Debug|Any CPU.ActiveCfg = Debug|Any CPU
		{BAFC8989-34F0-4CF4-8F3D-CC95B665EF6C}.Debug|Any CPU.Build.0 = Debug|Any CPU
		{BAFC8989-34F0-4CF4-8F3D-CC95B665EF6C}.Release|Any CPU.ActiveCfg = Release|Any CPU
		{BAFC8989-34F0-4CF4-8F3D-CC95B665EF6C}.Release|Any CPU.Build.0 = Release|Any CPU
		{54A3B70F-F8A8-4841-BE4F-9ACA70BD2C70}.Debug|Any CPU.ActiveCfg = Debug|Any CPU
		{54A3B70F-F8A8-4841-BE4F-9ACA70BD2C70}.Debug|Any CPU.Build.0 = Debug|Any CPU
		{54A3B70F-F8A8-4841-BE4F-9ACA70BD2C70}.Release|Any CPU.ActiveCfg = Release|Any CPU
		{54A3B70F-F8A8-4841-BE4F-9ACA70BD2C70}.Release|Any CPU.Build.0 = Release|Any CPU
		{C397A9D2-3F46-405A-8D00-DFA0DFD20CF4}.Debug|Any CPU.ActiveCfg = Debug|Any CPU
		{C397A9D2-3F46-405A-8D00-DFA0DFD20CF4}.Debug|Any CPU.Build.0 = Debug|Any CPU
		{C397A9D2-3F46-405A-8D00-DFA0DFD20CF4}.Release|Any CPU.ActiveCfg = Release|Any CPU
		{C397A9D2-3F46-405A-8D00-DFA0DFD20CF4}.Release|Any CPU.Build.0 = Release|Any CPU
	EndGlobalSection
	GlobalSection(SolutionProperties) = preSolution
		HideSolutionNode = FALSE
	EndGlobalSection
	GlobalSection(ExtensibilityGlobals) = postSolution
		SolutionGuid = {0A644ED4-EA7E-4EE7-9194-8C8213BF64AB}
	EndGlobalSection
EndGlobal
